<?xml version="1.0" encoding="utf-8"?>
<Project ToolsVersion="4.0" xmlns="http://schemas.microsoft.com/developer/msbuild/2003">
  <ItemGroup>
    <Filter Include="Исходные файлы">
      <UniqueIdentifier>{4FC737F1-C7A5-4376-A066-2A32D752A2FF}</UniqueIdentifier>
      <Extensions>cpp;c;cc;cxx;def;odl;idl;hpj;bat;asm;asmx</Extensions>
    </Filter>
    <Filter Include="Файлы заголовков">
      <UniqueIdentifier>{93995380-89BD-4b04-88EB-625FBE52EBFB}</UniqueIdentifier>
      <Extensions>h;hh;hpp;hxx;hm;inl;inc;ipp;xsd</Extensions>
    </Filter>
    <Filter Include="Файлы ресурсов">
      <UniqueIdentifier>{67DA6AB6-F800-4c08-8B7A-83BB121AAD01}</UniqueIdentifier>
      <Extensions>rc;ico;cur;bmp;dlg;rc2;rct;bin;rgs;gif;jpg;jpeg;jpe;resx;tiff;tif;png;wav;mfcribbon-ms</Extensions>
    </Filter>
    <Filter Include="Исходные файлы\Lab3">
      <UniqueIdentifier>{7420afdd-7378-4df1-8714-d06f28b2065b}</UniqueIdentifier>
    </Filter>
    <Filter Include="Исходные файлы\Lab1">
      <UniqueIdentifier>{965ca84a-fc05-4f72-a306-2da0285bced1}</UniqueIdentifier>
    </Filter>
    <Filter Include="Файлы заголовков\Lab1">
      <UniqueIdentifier>{823d3888-02ae-45e6-b934-ab15ed9c7c1d}</UniqueIdentifier>
    </Filter>
    <Filter Include="Исходные файлы\Lab2">
      <UniqueIdentifier>{802f8704-5f07-47e7-9e90-02051c74fb28}</UniqueIdentifier>
    </Filter>
    <Filter Include="Файлы заголовков\Lab2">
      <UniqueIdentifier>{983c39b3-9d10-4b79-908b-989aa8277895}</UniqueIdentifier>
    </Filter>
    <Filter Include="Файлы заголовков\Lab3">
      <UniqueIdentifier>{8449d483-7d99-4dad-8d80-ff32e057b215}</UniqueIdentifier>
    </Filter>
  </ItemGroup>
  <ItemGroup>
    <ClCompile Include="OOP_Lab3.cpp">
      <Filter>Исходные файлы\Lab3</Filter>
    </ClCompile>
    <ClCompile Include="Book.cpp">
      <Filter>Исходные файлы\Lab3</Filter>
    </ClCompile>
    <ClCompile Include="..\..\..\Лаборатоная работа №1\OOP_Lab1\OOP_Lab1\Algorithms and Debug.cpp">
      <Filter>Исходные файлы\Lab1</Filter>
    </ClCompile>
    <ClCompile Include="..\..\..\Лаборатоная работа №1\OOP_Lab1\OOP_Lab1\Arrays.cpp">
      <Filter>Исходные файлы\Lab1</Filter>
    </ClCompile>
    <ClCompile Include="..\..\..\Лаборатоная работа №1\OOP_Lab1\OOP_Lab1\Dynamic Array.cpp">
      <Filter>Исходные файлы\Lab1</Filter>
    </ClCompile>
    <ClCompile Include="..\..\..\Лаборатоная работа №1\OOP_Lab1\OOP_Lab1\Functions.cpp">
      <Filter>Исходные файлы\Lab1</Filter>
    </ClCompile>
    <ClCompile Include="..\..\..\Лаборатоная работа №1\OOP_Lab1\OOP_Lab1\Test.cpp">
      <Filter>Исходные файлы\Lab1</Filter>
    </ClCompile>
    <ClCompile Include="..\..\..\Лаборатоная работа №1\OOP_Lab1\OOP_Lab1\Аddresses and pointers.cpp">
      <Filter>Исходные файлы\Lab1</Filter>
    </ClCompile>
    <ClCompile Include="..\..\..\Лабораторная работа №2\OOP_Lab2\OOP_Lab2\Circle.cpp">
      <Filter>Исходные файлы\Lab2</Filter>
    </ClCompile>
    <ClCompile Include="..\..\..\Лабораторная работа №2\OOP_Lab2\OOP_Lab2\Enums.cpp">
      <Filter>Исходные файлы\Lab2</Filter>
    </ClCompile>
    <ClCompile Include="..\..\..\Лабораторная работа №2\OOP_Lab2\OOP_Lab2\Exception Handling.cpp">
      <Filter>Исходные файлы\Lab2</Filter>
    </ClCompile>
    <ClCompile Include="..\..\..\Лабораторная работа №2\OOP_Lab2\OOP_Lab2\Struct with enums.cpp">
      <Filter>Исходные файлы\Lab2</Filter>
    </ClCompile>
    <ClCompile Include="..\..\..\Лабораторная работа №2\OOP_Lab2\OOP_Lab2\Struct.cpp">
      <Filter>Исходные файлы\Lab2</Filter>
    </ClCompile>
    <ClCompile Include="Route.cpp">
      <Filter>Исходные файлы\Lab3</Filter>
    </ClCompile>
    <ClCompile Include="Point.cpp">
      <Filter>Исходные файлы\Lab3</Filter>
    </ClCompile>
    <ClCompile Include="Rectangles.cpp">
      <Filter>Исходные файлы\Lab3</Filter>
    </ClCompile>
    <ClCompile Include="CheckInputInt.cpp">
      <Filter>Исходные файлы\Lab3</Filter>
    </ClCompile>
    <ClCompile Include="CheckInputDouble.cpp">
      <Filter>Исходные файлы\Lab3</Filter>
    </ClCompile>
    <ClCompile Include="Time.cpp">
      <Filter>Исходные файлы\Lab3</Filter>
    </ClCompile>
    <ClCompile Include="Flight.cpp">
      <Filter>Исходные файлы\Lab3</Filter>
    </ClCompile>
    <ClCompile Include="Song.cpp">
      <Filter>Исходные файлы\Lab3</Filter>
    </ClCompile>
    <ClCompile Include="Album.cpp">
      <Filter>Исходные файлы\Lab3</Filter>
    </ClCompile>
    <ClCompile Include="Band.cpp">
      <Filter>Исходные файлы\Lab3</Filter>
    </ClCompile>
  </ItemGroup>
  <ItemGroup>
    <ClInclude Include="Book.h">
      <Filter>Файлы заголовков\Lab3</Filter>
    </ClInclude>
    <ClInclude Include="..\..\..\Лаборатоная работа №1\OOP_Lab1\OOP_Lab1\Algorithms and Debug.h">
      <Filter>Файлы заголовков\Lab1</Filter>
    </ClInclude>
    <ClInclude Include="..\..\..\Лаборатоная работа №1\OOP_Lab1\OOP_Lab1\Arrays.h">
      <Filter>Файлы заголовков\Lab1</Filter>
    </ClInclude>
    <ClInclude Include="..\..\..\Лаборатоная работа №1\OOP_Lab1\OOP_Lab1\Dynamic Array.h">
      <Filter>Файлы заголовков\Lab1</Filter>
    </ClInclude>
    <ClInclude Include="..\..\..\Лаборатоная работа №1\OOP_Lab1\OOP_Lab1\Functions.h">
      <Filter>Файлы заголовков\Lab1</Filter>
    </ClInclude>
    <ClInclude Include="..\..\..\Лаборатоная работа №1\OOP_Lab1\OOP_Lab1\Test.h">
      <Filter>Файлы заголовков\Lab1</Filter>
    </ClInclude>
    <ClInclude Include="..\..\..\Лаборатоная работа №1\OOP_Lab1\OOP_Lab1\Аddresses and pointers.h">
      <Filter>Файлы заголовков\Lab1</Filter>
    </ClInclude>
    <ClInclude Include="..\..\..\Лабораторная работа №2\OOP_Lab2\OOP_Lab2\Circle.h">
      <Filter>Файлы заголовков\Lab2</Filter>
    </ClInclude>
    <ClInclude Include="..\..\..\Лабораторная работа №2\OOP_Lab2\OOP_Lab2\Enums.h">
      <Filter>Файлы заголовков\Lab2</Filter>
    </ClInclude>
    <ClInclude Include="..\..\..\Лабораторная работа №2\OOP_Lab2\OOP_Lab2\Exception Handling.h">
      <Filter>Файлы заголовков\Lab2</Filter>
    </ClInclude>
    <ClInclude Include="..\..\..\Лабораторная работа №2\OOP_Lab2\OOP_Lab2\Struct with enums.h">
      <Filter>Файлы заголовков\Lab2</Filter>
    </ClInclude>
    <ClInclude Include="..\..\..\Лабораторная работа №2\OOP_Lab2\OOP_Lab2\Struct.h">
      <Filter>Файлы заголовков\Lab2</Filter>
    </ClInclude>
    <ClInclude Include="Route.h">
      <Filter>Файлы заголовков\Lab3</Filter>
    </ClInclude>
    <ClInclude Include="Point.h">
      <Filter>Файлы заголовков\Lab3</Filter>
    </ClInclude>
    <ClInclude Include="Rectangles.h">
      <Filter>Файлы заголовков\Lab3</Filter>
    </ClInclude>
    <ClInclude Include="CheckInputDouble.h">
      <Filter>Файлы заголовков\Lab3</Filter>
    </ClInclude>
    <ClInclude Include="CheckInputInt.h">
      <Filter>Файлы заголовков\Lab3</Filter>
    </ClInclude>
    <ClInclude Include="Time.h">
      <Filter>Файлы заголовков\Lab3</Filter>
    </ClInclude>
    <ClInclude Include="Flight.h">
      <Filter>Файлы заголовков\Lab3</Filter>
    </ClInclude>
    <ClInclude Include="Song.h">
      <Filter>Файлы заголовков\Lab3</Filter>
    </ClInclude>
    <ClInclude Include="Genre.h">
      <Filter>Файлы заголовков\Lab3</Filter>
    </ClInclude>
    <ClInclude Include="Album.h">
      <Filter>Файлы заголовков\Lab3</Filter>
    </ClInclude>
    <ClInclude Include="Band.h">
      <Filter>Файлы заголовков\Lab3</Filter>
    </ClInclude>
  </ItemGroup>
</Project>